
Microsoft Visual Studio Solution File, Format Version 12.00
# Visual Studio Version 17
VisualStudioVersion = 17.13.35931.197 d17.13
MinimumVisualStudioVersion = 10.0.40219.1
Project("{FAE04EC0-301F-11D3-BF4B-00C04F79EFBC}") = "ProductsMicroService.API", "ProductsMicroService.API\ProductsMicroService.API.csproj", "{D549B31D-649C-47B5-AC8D-8F7DC4F17B83}"
EndProject
Project("{FAE04EC0-301F-11D3-BF4B-00C04F79EFBC}") = "BusinessLogicLayer", "BusinessLogicLayer\BusinessLogicLayer.csproj", "{58F27557-093C-4A07-B37C-80379DE36C0F}"
EndProject
Project("{FAE04EC0-301F-11D3-BF4B-00C04F79EFBC}") = "DataAccessLayer", "DataAccessLayer\DataAccessLayer.csproj", "{CA62F928-C7D0-4A72-8D42-750366D303B3}"
EndProject
Global
	GlobalSection(SolutionConfigurationPlatforms) = preSolution
		Debug|Any CPU = Debug|Any CPU
		Release|Any CPU = Release|Any CPU
	EndGlobalSection
	GlobalSection(ProjectConfigurationPlatforms) = postSolution
		{D549B31D-649C-47B5-AC8D-8F7DC4F17B83}.Debug|Any CPU.ActiveCfg = Debug|Any CPU
		{D549B31D-649C-47B5-AC8D-8F7DC4F17B83}.Debug|Any CPU.Build.0 = Debug|Any CPU
		{D549B31D-649C-47B5-AC8D-8F7DC4F17B83}.Release|Any CPU.ActiveCfg = Release|Any CPU
		{D549B31D-649C-47B5-AC8D-8F7DC4F17B83}.Release|Any CPU.Build.0 = Release|Any CPU
		{58F27557-093C-4A07-B37C-80379DE36C0F}.Debug|Any CPU.ActiveCfg = Debug|Any CPU
		{58F27557-093C-4A07-B37C-80379DE36C0F}.Debug|Any CPU.Build.0 = Debug|Any CPU
		{58F27557-093C-4A07-B37C-80379DE36C0F}.Release|Any CPU.ActiveCfg = Release|Any CPU
		{58F27557-093C-4A07-B37C-80379DE36C0F}.Release|Any CPU.Build.0 = Release|Any CPU
		{CA62F928-C7D0-4A72-8D42-750366D303B3}.Debug|Any CPU.ActiveCfg = Debug|Any CPU
		{CA62F928-C7D0-4A72-8D42-750366D303B3}.Debug|Any CPU.Build.0 = Debug|Any CPU
		{CA62F928-C7D0-4A72-8D42-750366D303B3}.Release|Any CPU.ActiveCfg = Release|Any CPU
		{CA62F928-C7D0-4A72-8D42-750366D303B3}.Release|Any CPU.Build.0 = Release|Any CPU
	EndGlobalSection
	GlobalSection(SolutionProperties) = preSolution
		HideSolutionNode = FALSE
	EndGlobalSection
	GlobalSection(ExtensibilityGlobals) = postSolution
		SolutionGuid = {95C1522A-249C-4868-8687-F5765AC22039}
	EndGlobalSection
EndGlobal
